// !$*UTF8*$!
{
	archiveVersion = 1;
	classes = {
	};
	objectVersion = 77;
	objects = {

/* Begin PBXBuildFile section */
		016D7B722CFF7BC900923EF8 /* BaseViewController.swift in Sources */ = {isa = PBXBuildFile; fileRef = 016D7B712CFF7BC900923EF8 /* BaseViewController.swift */; };
		016D7B742CFF80F600923EF8 /* BaseView.swift in Sources */ = {isa = PBXBuildFile; fileRef = 016D7B732CFF80F600923EF8 /* BaseView.swift */; };
		016D7B772D00709400923EF8 /* OAuthParameter.swift in Sources */ = {isa = PBXBuildFile; fileRef = 016D7B762D00709400923EF8 /* OAuthParameter.swift */; };
		016D7B792D00754300923EF8 /* CustomError.swift in Sources */ = {isa = PBXBuildFile; fileRef = 016D7B782D00754300923EF8 /* CustomError.swift */; };
		016D7B7B2D0076FC00923EF8 /* HTTPMethod.swift in Sources */ = {isa = PBXBuildFile; fileRef = 016D7B7A2D0076FC00923EF8 /* HTTPMethod.swift */; };
		016D7B7E2D00795700923EF8 /* VKToken.swift in Sources */ = {isa = PBXBuildFile; fileRef = 016D7B7D2D00795700923EF8 /* VKToken.swift */; };
		016D7B802D008D5800923EF8 /* UIViewController+Extension.swift in Sources */ = {isa = PBXBuildFile; fileRef = 016D7B7F2D008D5800923EF8 /* UIViewController+Extension.swift */; };
		017132302D02F99700F678DE /* UserDefaultsManager.swift in Sources */ = {isa = PBXBuildFile; fileRef = 0171322F2D02F99700F678DE /* UserDefaultsManager.swift */; };
		017132322D02F9EE00F678DE /* UserAuthorization.swift in Sources */ = {isa = PBXBuildFile; fileRef = 017132312D02F9EE00F678DE /* UserAuthorization.swift */; };
		017132462D031B0500F678DE /* PostDetailsViewModel.swift in Sources */ = {isa = PBXBuildFile; fileRef = 017132452D031B0500F678DE /* PostDetailsViewModel.swift */; };
		017132472D031B0500F678DE /* PostDetailsViewController.swift in Sources */ = {isa = PBXBuildFile; fileRef = 017132442D031B0500F678DE /* PostDetailsViewController.swift */; };
		017132482D031B0500F678DE /* PostDetailsView.swift in Sources */ = {isa = PBXBuildFile; fileRef = 017132432D031B0500F678DE /* PostDetailsView.swift */; };
		0171324B2D031EA100F678DE /* NewsFeedNavigation.swift in Sources */ = {isa = PBXBuildFile; fileRef = 0171324A2D031EA100F678DE /* NewsFeedNavigation.swift */; };
		0171324E2D03461D00F678DE /* HeaderPostView.swift in Sources */ = {isa = PBXBuildFile; fileRef = 0171324D2D03461D00F678DE /* HeaderPostView.swift */; };
		01AE2C4B2D00A38200E13204 /* TokenStorage.swift in Sources */ = {isa = PBXBuildFile; fileRef = 01AE2C4A2D00A38200E13204 /* TokenStorage.swift */; };
		01AE2C4D2D00A52400E13204 /* KeyChainManager.swift in Sources */ = {isa = PBXBuildFile; fileRef = 01AE2C4C2D00A52400E13204 /* KeyChainManager.swift */; };
		01BDC8942D04494D00B82385 /* VKAuthorization.swift in Sources */ = {isa = PBXBuildFile; fileRef = 01BDC8932D04494D00B82385 /* VKAuthorization.swift */; };
		01BDC8972D0449BA00B82385 /* VKAuthorizationClient.swift in Sources */ = {isa = PBXBuildFile; fileRef = 01BDC8962D0449BA00B82385 /* VKAuthorizationClient.swift */; };
		01BDC89B2D04506B00B82385 /* NetworkingRequest.swift in Sources */ = {isa = PBXBuildFile; fileRef = 01BDC89A2D04506B00B82385 /* NetworkingRequest.swift */; };
		01BDC89E2D0452B000B82385 /* NetworkingPostRequest.swift in Sources */ = {isa = PBXBuildFile; fileRef = 01BDC89D2D0452B000B82385 /* NetworkingPostRequest.swift */; };
		01BDC8A02D0453E400B82385 /* URL+Extension.swift in Sources */ = {isa = PBXBuildFile; fileRef = 01BDC89F2D0453E400B82385 /* URL+Extension.swift */; };
		01BDC8A32D04545700B82385 /* NetworkingHTTPClient.swift in Sources */ = {isa = PBXBuildFile; fileRef = 01BDC8A22D04545700B82385 /* NetworkingHTTPClient.swift */; };
		01BDC8A52D0454F700B82385 /* URLSessionHTTPClient.swift in Sources */ = {isa = PBXBuildFile; fileRef = 01BDC8A42D0454F700B82385 /* URLSessionHTTPClient.swift */; };
		01BDC8A82D045E8500B82385 /* ResponseError.swift in Sources */ = {isa = PBXBuildFile; fileRef = 01BDC8A72D045E8500B82385 /* ResponseError.swift */; };
		01BDC8AA2D045F1F00B82385 /* ResponseErrorDecoder.swift in Sources */ = {isa = PBXBuildFile; fileRef = 01BDC8A92D045F1F00B82385 /* ResponseErrorDecoder.swift */; };
		01BDC8AF2D04625E00B82385 /* AppAuthorization.swift in Sources */ = {isa = PBXBuildFile; fileRef = 01BDC8AE2D04625E00B82385 /* AppAuthorization.swift */; };
		01BDC8B22D0462B800B82385 /* AuthorizationType.swift in Sources */ = {isa = PBXBuildFile; fileRef = 01BDC8B12D0462B800B82385 /* AuthorizationType.swift */; };
		01BDC8B42D04631100B82385 /* Token.swift in Sources */ = {isa = PBXBuildFile; fileRef = 01BDC8B32D04631100B82385 /* Token.swift */; };
		01BDC8B62D04638500B82385 /* AuthorizationClient.swift in Sources */ = {isa = PBXBuildFile; fileRef = 01BDC8B52D04638500B82385 /* AuthorizationClient.swift */; };
		01BDC8B82D04737C00B82385 /* AuthorizedHTTPClient.swift in Sources */ = {isa = PBXBuildFile; fileRef = 01BDC8B72D04737C00B82385 /* AuthorizedHTTPClient.swift */; };
		01BF65352CFDB68500437351 /* LaunchScreen.storyboard in Resources */ = {isa = PBXBuildFile; fileRef = 01BF652D2CFDB68500437351 /* LaunchScreen.storyboard */; };
		01BF65372CFDB68500437351 /* AppDelegate.swift in Sources */ = {isa = PBXBuildFile; fileRef = 01BF65292CFDB68500437351 /* AppDelegate.swift */; };
		01BF65382CFDB68500437351 /* SceneDelegate.swift in Sources */ = {isa = PBXBuildFile; fileRef = 01BF65302CFDB68500437351 /* SceneDelegate.swift */; };
		01BF65472CFDDFF800437351 /* AuthView.swift in Sources */ = {isa = PBXBuildFile; fileRef = 01BF65442CFDDFF800437351 /* AuthView.swift */; };
		01BF65482CFDDFF800437351 /* AuthViewController.swift in Sources */ = {isa = PBXBuildFile; fileRef = 01BF65452CFDDFF800437351 /* AuthViewController.swift */; };
		01BF65492CFDDFF800437351 /* AuthViewModel.swift in Sources */ = {isa = PBXBuildFile; fileRef = 01BF65462CFDDFF800437351 /* AuthViewModel.swift */; };
		01BF654C2CFDE04900437351 /* AppCoordinatorProtocol.swift in Sources */ = {isa = PBXBuildFile; fileRef = 01BF654B2CFDE04900437351 /* AppCoordinatorProtocol.swift */; };
		01BF654E2CFDE07A00437351 /* AppCoordinator.swift in Sources */ = {isa = PBXBuildFile; fileRef = 01BF654D2CFDE07A00437351 /* AppCoordinator.swift */; };
		01BF65532CFDE0EB00437351 /* CoordinatorFactory.swift in Sources */ = {isa = PBXBuildFile; fileRef = 01BF65522CFDE0EB00437351 /* CoordinatorFactory.swift */; };
		01BF65552CFDE1CA00437351 /* CoordinatorProtocol.swift in Sources */ = {isa = PBXBuildFile; fileRef = 01BF65542CFDE1CA00437351 /* CoordinatorProtocol.swift */; };
		01BF65572CFDE28800437351 /* AuthCoordinator.swift in Sources */ = {isa = PBXBuildFile; fileRef = 01BF65562CFDE28800437351 /* AuthCoordinator.swift */; };
		01BF65592CFDE3A500437351 /* ModuleFactory.swift in Sources */ = {isa = PBXBuildFile; fileRef = 01BF65582CFDE3A500437351 /* ModuleFactory.swift */; };
		01BF655C2CFDE6AD00437351 /* UIColor+Extension.swift in Sources */ = {isa = PBXBuildFile; fileRef = 01BF655B2CFDE6AD00437351 /* UIColor+Extension.swift */; };
		01BF65602CFDE93A00437351 /* AppColors.swift in Sources */ = {isa = PBXBuildFile; fileRef = 01BF655F2CFDE93A00437351 /* AppColors.swift */; };
		01BF65642CFDEF5C00437351 /* VKAuthButton.swift in Sources */ = {isa = PBXBuildFile; fileRef = 01BF65632CFDEF5C00437351 /* VKAuthButton.swift */; };
		01BF65662CFDF33900437351 /* Titles.swift in Sources */ = {isa = PBXBuildFile; fileRef = 01BF65652CFDF33900437351 /* Titles.swift */; };
		01BF65682CFDFF3800437351 /* Assets.xcassets in Resources */ = {isa = PBXBuildFile; fileRef = 01BF65672CFDFF3800437351 /* Assets.xcassets */; };
		01BF656A2CFE014F00437351 /* NewsFeedCoordinator.swift in Sources */ = {isa = PBXBuildFile; fileRef = 01BF65692CFE014F00437351 /* NewsFeedCoordinator.swift */; };
		01BF65732CFE028100437351 /* NewsFeedViewModel.swift in Sources */ = {isa = PBXBuildFile; fileRef = 01BF65722CFE028100437351 /* NewsFeedViewModel.swift */; };
		01BF65742CFE028100437351 /* NewsFeedView.swift in Sources */ = {isa = PBXBuildFile; fileRef = 01BF65702CFE028100437351 /* NewsFeedView.swift */; };
		01BF65752CFE028100437351 /* NewsFeedViewController.swift in Sources */ = {isa = PBXBuildFile; fileRef = 01BF65712CFE028100437351 /* NewsFeedViewController.swift */; };
		01F38CA72CFEFCC200E47788 /* PostCell.swift in Sources */ = {isa = PBXBuildFile; fileRef = 01F38CA62CFEFCC200E47788 /* PostCell.swift */; };
		01F38CA92CFF112700E47788 /* Date+Extension.swift in Sources */ = {isa = PBXBuildFile; fileRef = 01F38CA82CFF112700E47788 /* Date+Extension.swift */; };
		01F38CE42CFF607800E47788 /* AuthProvider.swift in Sources */ = {isa = PBXBuildFile; fileRef = 01F38CE32CFF607800E47788 /* AuthProvider.swift */; };
/* End PBXBuildFile section */

/* Begin PBXFileReference section */
		016D7B712CFF7BC900923EF8 /* BaseViewController.swift */ = {isa = PBXFileReference; lastKnownFileType = sourcecode.swift; path = BaseViewController.swift; sourceTree = "<group>"; };
		016D7B732CFF80F600923EF8 /* BaseView.swift */ = {isa = PBXFileReference; lastKnownFileType = sourcecode.swift; path = BaseView.swift; sourceTree = "<group>"; };
		016D7B762D00709400923EF8 /* OAuthParameter.swift */ = {isa = PBXFileReference; lastKnownFileType = sourcecode.swift; path = OAuthParameter.swift; sourceTree = "<group>"; };
		016D7B782D00754300923EF8 /* CustomError.swift */ = {isa = PBXFileReference; lastKnownFileType = sourcecode.swift; path = CustomError.swift; sourceTree = "<group>"; };
		016D7B7A2D0076FC00923EF8 /* HTTPMethod.swift */ = {isa = PBXFileReference; lastKnownFileType = sourcecode.swift; path = HTTPMethod.swift; sourceTree = "<group>"; };
		016D7B7D2D00795700923EF8 /* VKToken.swift */ = {isa = PBXFileReference; lastKnownFileType = sourcecode.swift; path = VKToken.swift; sourceTree = "<group>"; };
		016D7B7F2D008D5800923EF8 /* UIViewController+Extension.swift */ = {isa = PBXFileReference; lastKnownFileType = sourcecode.swift; path = "UIViewController+Extension.swift"; sourceTree = "<group>"; };
		0171322F2D02F99700F678DE /* UserDefaultsManager.swift */ = {isa = PBXFileReference; lastKnownFileType = sourcecode.swift; path = UserDefaultsManager.swift; sourceTree = "<group>"; };
		017132312D02F9EE00F678DE /* UserAuthorization.swift */ = {isa = PBXFileReference; lastKnownFileType = sourcecode.swift; path = UserAuthorization.swift; sourceTree = "<group>"; };
		017132432D031B0500F678DE /* PostDetailsView.swift */ = {isa = PBXFileReference; lastKnownFileType = sourcecode.swift; path = PostDetailsView.swift; sourceTree = "<group>"; };
		017132442D031B0500F678DE /* PostDetailsViewController.swift */ = {isa = PBXFileReference; lastKnownFileType = sourcecode.swift; path = PostDetailsViewController.swift; sourceTree = "<group>"; };
		017132452D031B0500F678DE /* PostDetailsViewModel.swift */ = {isa = PBXFileReference; lastKnownFileType = sourcecode.swift; path = PostDetailsViewModel.swift; sourceTree = "<group>"; };
		0171324A2D031EA100F678DE /* NewsFeedNavigation.swift */ = {isa = PBXFileReference; lastKnownFileType = sourcecode.swift; path = NewsFeedNavigation.swift; sourceTree = "<group>"; };
		0171324D2D03461D00F678DE /* HeaderPostView.swift */ = {isa = PBXFileReference; lastKnownFileType = sourcecode.swift; path = HeaderPostView.swift; sourceTree = "<group>"; };
		01AE2C4A2D00A38200E13204 /* TokenStorage.swift */ = {isa = PBXFileReference; lastKnownFileType = sourcecode.swift; path = TokenStorage.swift; sourceTree = "<group>"; };
		01AE2C4C2D00A52400E13204 /* KeyChainManager.swift */ = {isa = PBXFileReference; lastKnownFileType = sourcecode.swift; path = KeyChainManager.swift; sourceTree = "<group>"; };
		01BDC8932D04494D00B82385 /* VKAuthorization.swift */ = {isa = PBXFileReference; lastKnownFileType = sourcecode.swift; path = VKAuthorization.swift; sourceTree = "<group>"; };
		01BDC8962D0449BA00B82385 /* VKAuthorizationClient.swift */ = {isa = PBXFileReference; lastKnownFileType = sourcecode.swift; path = VKAuthorizationClient.swift; sourceTree = "<group>"; };
		01BDC89A2D04506B00B82385 /* NetworkingRequest.swift */ = {isa = PBXFileReference; lastKnownFileType = sourcecode.swift; path = NetworkingRequest.swift; sourceTree = "<group>"; };
		01BDC89D2D0452B000B82385 /* NetworkingPostRequest.swift */ = {isa = PBXFileReference; lastKnownFileType = sourcecode.swift; path = NetworkingPostRequest.swift; sourceTree = "<group>"; };
		01BDC89F2D0453E400B82385 /* URL+Extension.swift */ = {isa = PBXFileReference; lastKnownFileType = sourcecode.swift; path = "URL+Extension.swift"; sourceTree = "<group>"; };
		01BDC8A22D04545700B82385 /* NetworkingHTTPClient.swift */ = {isa = PBXFileReference; lastKnownFileType = sourcecode.swift; path = NetworkingHTTPClient.swift; sourceTree = "<group>"; };
		01BDC8A42D0454F700B82385 /* URLSessionHTTPClient.swift */ = {isa = PBXFileReference; lastKnownFileType = sourcecode.swift; path = URLSessionHTTPClient.swift; sourceTree = "<group>"; };
		01BDC8A72D045E8500B82385 /* ResponseError.swift */ = {isa = PBXFileReference; lastKnownFileType = sourcecode.swift; path = ResponseError.swift; sourceTree = "<group>"; };
		01BDC8A92D045F1F00B82385 /* ResponseErrorDecoder.swift */ = {isa = PBXFileReference; lastKnownFileType = sourcecode.swift; path = ResponseErrorDecoder.swift; sourceTree = "<group>"; };
		01BDC8AE2D04625E00B82385 /* AppAuthorization.swift */ = {isa = PBXFileReference; lastKnownFileType = sourcecode.swift; path = AppAuthorization.swift; sourceTree = "<group>"; };
		01BDC8B12D0462B800B82385 /* AuthorizationType.swift */ = {isa = PBXFileReference; lastKnownFileType = sourcecode.swift; path = AuthorizationType.swift; sourceTree = "<group>"; };
		01BDC8B32D04631100B82385 /* Token.swift */ = {isa = PBXFileReference; lastKnownFileType = sourcecode.swift; path = Token.swift; sourceTree = "<group>"; };
		01BDC8B52D04638500B82385 /* AuthorizationClient.swift */ = {isa = PBXFileReference; lastKnownFileType = sourcecode.swift; path = AuthorizationClient.swift; sourceTree = "<group>"; };
		01BDC8B72D04737C00B82385 /* AuthorizedHTTPClient.swift */ = {isa = PBXFileReference; lastKnownFileType = sourcecode.swift; path = AuthorizedHTTPClient.swift; sourceTree = "<group>"; };
		01BF65012CFDB62600437351 /* ClientVK.app */ = {isa = PBXFileReference; explicitFileType = wrapper.application; includeInIndex = 0; path = ClientVK.app; sourceTree = BUILT_PRODUCTS_DIR; };
		01BF65292CFDB68500437351 /* AppDelegate.swift */ = {isa = PBXFileReference; lastKnownFileType = sourcecode.swift; path = AppDelegate.swift; sourceTree = "<group>"; };
		01BF652B2CFDB68500437351 /* Info.plist */ = {isa = PBXFileReference; lastKnownFileType = text.plist.xml; path = Info.plist; sourceTree = "<group>"; };
		01BF652C2CFDB68500437351 /* Base */ = {isa = PBXFileReference; lastKnownFileType = file.storyboard; name = Base; path = Base.lproj/LaunchScreen.storyboard; sourceTree = "<group>"; };
		01BF65302CFDB68500437351 /* SceneDelegate.swift */ = {isa = PBXFileReference; lastKnownFileType = sourcecode.swift; path = SceneDelegate.swift; sourceTree = "<group>"; };
		01BF65442CFDDFF800437351 /* AuthView.swift */ = {isa = PBXFileReference; lastKnownFileType = sourcecode.swift; path = AuthView.swift; sourceTree = "<group>"; };
		01BF65452CFDDFF800437351 /* AuthViewController.swift */ = {isa = PBXFileReference; lastKnownFileType = sourcecode.swift; path = AuthViewController.swift; sourceTree = "<group>"; };
		01BF65462CFDDFF800437351 /* AuthViewModel.swift */ = {isa = PBXFileReference; lastKnownFileType = sourcecode.swift; path = AuthViewModel.swift; sourceTree = "<group>"; };
		01BF654B2CFDE04900437351 /* AppCoordinatorProtocol.swift */ = {isa = PBXFileReference; lastKnownFileType = sourcecode.swift; path = AppCoordinatorProtocol.swift; sourceTree = "<group>"; };
		01BF654D2CFDE07A00437351 /* AppCoordinator.swift */ = {isa = PBXFileReference; lastKnownFileType = sourcecode.swift; path = AppCoordinator.swift; sourceTree = "<group>"; };
		01BF65522CFDE0EB00437351 /* CoordinatorFactory.swift */ = {isa = PBXFileReference; lastKnownFileType = sourcecode.swift; path = CoordinatorFactory.swift; sourceTree = "<group>"; };
		01BF65542CFDE1CA00437351 /* CoordinatorProtocol.swift */ = {isa = PBXFileReference; lastKnownFileType = sourcecode.swift; path = CoordinatorProtocol.swift; sourceTree = "<group>"; };
		01BF65562CFDE28800437351 /* AuthCoordinator.swift */ = {isa = PBXFileReference; lastKnownFileType = sourcecode.swift; path = AuthCoordinator.swift; sourceTree = "<group>"; };
		01BF65582CFDE3A500437351 /* ModuleFactory.swift */ = {isa = PBXFileReference; lastKnownFileType = sourcecode.swift; path = ModuleFactory.swift; sourceTree = "<group>"; };
		01BF655B2CFDE6AD00437351 /* UIColor+Extension.swift */ = {isa = PBXFileReference; lastKnownFileType = sourcecode.swift; path = "UIColor+Extension.swift"; sourceTree = "<group>"; };
		01BF655F2CFDE93A00437351 /* AppColors.swift */ = {isa = PBXFileReference; lastKnownFileType = sourcecode.swift; path = AppColors.swift; sourceTree = "<group>"; };
		01BF65632CFDEF5C00437351 /* VKAuthButton.swift */ = {isa = PBXFileReference; lastKnownFileType = sourcecode.swift; path = VKAuthButton.swift; sourceTree = "<group>"; };
		01BF65652CFDF33900437351 /* Titles.swift */ = {isa = PBXFileReference; lastKnownFileType = sourcecode.swift; path = Titles.swift; sourceTree = "<group>"; };
		01BF65672CFDFF3800437351 /* Assets.xcassets */ = {isa = PBXFileReference; lastKnownFileType = folder.assetcatalog; path = Assets.xcassets; sourceTree = "<group>"; };
		01BF65692CFE014F00437351 /* NewsFeedCoordinator.swift */ = {isa = PBXFileReference; lastKnownFileType = sourcecode.swift; path = NewsFeedCoordinator.swift; sourceTree = "<group>"; };
		01BF65702CFE028100437351 /* NewsFeedView.swift */ = {isa = PBXFileReference; lastKnownFileType = sourcecode.swift; path = NewsFeedView.swift; sourceTree = "<group>"; };
		01BF65712CFE028100437351 /* NewsFeedViewController.swift */ = {isa = PBXFileReference; lastKnownFileType = sourcecode.swift; path = NewsFeedViewController.swift; sourceTree = "<group>"; };
		01BF65722CFE028100437351 /* NewsFeedViewModel.swift */ = {isa = PBXFileReference; lastKnownFileType = sourcecode.swift; path = NewsFeedViewModel.swift; sourceTree = "<group>"; };
		01F38CA62CFEFCC200E47788 /* PostCell.swift */ = {isa = PBXFileReference; lastKnownFileType = sourcecode.swift; path = PostCell.swift; sourceTree = "<group>"; };
		01F38CA82CFF112700E47788 /* Date+Extension.swift */ = {isa = PBXFileReference; lastKnownFileType = sourcecode.swift; path = "Date+Extension.swift"; sourceTree = "<group>"; };
		01F38CE32CFF607800E47788 /* AuthProvider.swift */ = {isa = PBXFileReference; lastKnownFileType = sourcecode.swift; path = AuthProvider.swift; sourceTree = "<group>"; };
/* End PBXFileReference section */

/* Begin PBXFrameworksBuildPhase section */
		01BF64FE2CFDB62600437351 /* Frameworks */ = {
			isa = PBXFrameworksBuildPhase;
			buildActionMask = 2147483647;
			files = (
			);
			runOnlyForDeploymentPostprocessing = 0;
		};
/* End PBXFrameworksBuildPhase section */

/* Begin PBXGroup section */
		016D7B702CFF7B9A00923EF8 /* Shared */ = {
			isa = PBXGroup;
			children = (
				016D7B752CFF820700923EF8 /* Base */,
				0171324C2D0345EC00F678DE /* UI */,
			);
			path = Shared;
			sourceTree = "<group>";
		};
		016D7B752CFF820700923EF8 /* Base */ = {
			isa = PBXGroup;
			children = (
				016D7B712CFF7BC900923EF8 /* BaseViewController.swift */,
				016D7B732CFF80F600923EF8 /* BaseView.swift */,
			);
			path = Base;
			sourceTree = "<group>";
		};
		016D7B7C2D0078E900923EF8 /* Entity */ = {
			isa = PBXGroup;
			children = (
				016D7B7D2D00795700923EF8 /* VKToken.swift */,
			);
			path = Entity;
			sourceTree = "<group>";
		};
		0171323E2D031ADA00F678DE /* PostDetailsModule */ = {
			isa = PBXGroup;
			children = (
				017132402D031AE900F678DE /* UI */,
				0171323F2D031AE600F678DE /* ViewModel */,
			);
			path = PostDetailsModule;
			sourceTree = "<group>";
		};
		0171323F2D031AE600F678DE /* ViewModel */ = {
			isa = PBXGroup;
			children = (
				017132452D031B0500F678DE /* PostDetailsViewModel.swift */,
			);
			path = ViewModel;
			sourceTree = "<group>";
		};
		017132402D031AE900F678DE /* UI */ = {
			isa = PBXGroup;
			children = (
				017132422D031AF000F678DE /* Controller */,
				017132412D031AEB00F678DE /* View */,
			);
			path = UI;
			sourceTree = "<group>";
		};
		017132412D031AEB00F678DE /* View */ = {
			isa = PBXGroup;
			children = (
				017132432D031B0500F678DE /* PostDetailsView.swift */,
			);
			path = View;
			sourceTree = "<group>";
		};
		017132422D031AF000F678DE /* Controller */ = {
			isa = PBXGroup;
			children = (
				017132442D031B0500F678DE /* PostDetailsViewController.swift */,
			);
			path = Controller;
			sourceTree = "<group>";
		};
		017132492D031E8B00F678DE /* Provider */ = {
			isa = PBXGroup;
			children = (
				0171324A2D031EA100F678DE /* NewsFeedNavigation.swift */,
			);
			path = Provider;
			sourceTree = "<group>";
		};
		0171324C2D0345EC00F678DE /* UI */ = {
			isa = PBXGroup;
			children = (
				0171324D2D03461D00F678DE /* HeaderPostView.swift */,
			);
			path = UI;
			sourceTree = "<group>";
		};
		01AE2C492D00968300E13204 /* Protocol */ = {
			isa = PBXGroup;
			children = (
				01AE2C4A2D00A38200E13204 /* TokenStorage.swift */,
				017132312D02F9EE00F678DE /* UserAuthorization.swift */,
			);
			path = Protocol;
			sourceTree = "<group>";
		};
		01BDC8912D0448E900B82385 /* VKAuthorizationClient */ = {
			isa = PBXGroup;
			children = (
				01BDC8952D04499900B82385 /* Implementation */,
				01BDC8922D0448FE00B82385 /* Protocols */,
			);
			path = VKAuthorizationClient;
			sourceTree = "<group>";
		};
		01BDC8922D0448FE00B82385 /* Protocols */ = {
			isa = PBXGroup;
			children = (
				01BDC8932D04494D00B82385 /* VKAuthorization.swift */,
			);
			path = Protocols;
			sourceTree = "<group>";
		};
		01BDC8952D04499900B82385 /* Implementation */ = {
			isa = PBXGroup;
			children = (
				01BDC8962D0449BA00B82385 /* VKAuthorizationClient.swift */,
			);
			path = Implementation;
			sourceTree = "<group>";
		};
		01BDC8982D04503600B82385 /* Network */ = {
			isa = PBXGroup;
			children = (
				01BDC8A62D045E7400B82385 /* ErrorDecoder */,
				01BDC8A12D04543F00B82385 /* HTTPClient */,
				01BDC8992D04504500B82385 /* Request */,
			);
			path = Network;
			sourceTree = "<group>";
		};
		01BDC8992D04504500B82385 /* Request */ = {
			isa = PBXGroup;
			children = (
				01BDC89A2D04506B00B82385 /* NetworkingRequest.swift */,
				01BDC89D2D0452B000B82385 /* NetworkingPostRequest.swift */,
			);
			path = Request;
			sourceTree = "<group>";
		};
		01BDC8A12D04543F00B82385 /* HTTPClient */ = {
			isa = PBXGroup;
			children = (
				01BDC8A22D04545700B82385 /* NetworkingHTTPClient.swift */,
				01BDC8A42D0454F700B82385 /* URLSessionHTTPClient.swift */,
				01BDC8B72D04737C00B82385 /* AuthorizedHTTPClient.swift */,
			);
			path = HTTPClient;
			sourceTree = "<group>";
		};
		01BDC8A62D045E7400B82385 /* ErrorDecoder */ = {
			isa = PBXGroup;
			children = (
				01BDC8A72D045E8500B82385 /* ResponseError.swift */,
				01BDC8A92D045F1F00B82385 /* ResponseErrorDecoder.swift */,
			);
			path = ErrorDecoder;
			sourceTree = "<group>";
		};
		01BDC8AB2D04622F00B82385 /* AuthorizationClient */ = {
			isa = PBXGroup;
			children = (
				01BDC8B02D04629000B82385 /* Helper */,
				01BDC8AC2D04623C00B82385 /* Protocols */,
				01BDC8AD2D04624200B82385 /* Implementation */,
			);
			path = AuthorizationClient;
			sourceTree = "<group>";
		};
		01BDC8AC2D04623C00B82385 /* Protocols */ = {
			isa = PBXGroup;
			children = (
				01BDC8AE2D04625E00B82385 /* AppAuthorization.swift */,
				01BDC8B32D04631100B82385 /* Token.swift */,
			);
			path = Protocols;
			sourceTree = "<group>";
		};
		01BDC8AD2D04624200B82385 /* Implementation */ = {
			isa = PBXGroup;
			children = (
				01BDC8B52D04638500B82385 /* AuthorizationClient.swift */,
			);
			path = Implementation;
			sourceTree = "<group>";
		};
		01BDC8B02D04629000B82385 /* Helper */ = {
			isa = PBXGroup;
			children = (
				01BDC8B12D0462B800B82385 /* AuthorizationType.swift */,
			);
			path = Helper;
			sourceTree = "<group>";
		};
		01BF64F82CFDB62600437351 = {
			isa = PBXGroup;
			children = (
				01BF65322CFDB68500437351 /* ClientVK */,
				01BF65022CFDB62600437351 /* Products */,
			);
			sourceTree = "<group>";
		};
		01BF65022CFDB62600437351 /* Products */ = {
			isa = PBXGroup;
			children = (
				01BF65012CFDB62600437351 /* ClientVK.app */,
			);
			name = Products;
			sourceTree = "<group>";
		};
		01BF65322CFDB68500437351 /* ClientVK */ = {
			isa = PBXGroup;
			children = (
				01BF653A2CFDB6DB00437351 /* Application */,
				01BF653D2CFDBB0900437351 /* Coordinator */,
				016D7B7C2D0078E900923EF8 /* Entity */,
				01BF654F2CFDE0A800437351 /* Factory */,
				01BF655D2CFDE90400437351 /* Helpers */,
				01F38CE02CFF570500E47788 /* Manager */,
				01BF653E2CFDBB2600437351 /* Module */,
				01BF653B2CFDB6EC00437351 /* Resources */,
				016D7B702CFF7B9A00923EF8 /* Shared */,
			);
			path = ClientVK;
			sourceTree = "<group>";
		};
		01BF653A2CFDB6DB00437351 /* Application */ = {
			isa = PBXGroup;
			children = (
				01BF65292CFDB68500437351 /* AppDelegate.swift */,
				01BF65302CFDB68500437351 /* SceneDelegate.swift */,
			);
			path = Application;
			sourceTree = "<group>";
		};
		01BF653B2CFDB6EC00437351 /* Resources */ = {
			isa = PBXGroup;
			children = (
				01BF65672CFDFF3800437351 /* Assets.xcassets */,
				01BF652B2CFDB68500437351 /* Info.plist */,
				01BF652D2CFDB68500437351 /* LaunchScreen.storyboard */,
			);
			path = Resources;
			sourceTree = "<group>";
		};
		01BF653D2CFDBB0900437351 /* Coordinator */ = {
			isa = PBXGroup;
			children = (
				01BF654A2CFDE02E00437351 /* Protocol */,
				01BF654D2CFDE07A00437351 /* AppCoordinator.swift */,
				01BF65562CFDE28800437351 /* AuthCoordinator.swift */,
				01BF65692CFE014F00437351 /* NewsFeedCoordinator.swift */,
			);
			path = Coordinator;
			sourceTree = "<group>";
		};
		01BF653E2CFDBB2600437351 /* Module */ = {
			isa = PBXGroup;
			children = (
				01BF653F2CFDBB3E00437351 /* AuthModule */,
				01BF656B2CFE024500437351 /* NewsFeedModule */,
				0171323E2D031ADA00F678DE /* PostDetailsModule */,
			);
			path = Module;
			sourceTree = "<group>";
		};
		01BF653F2CFDBB3E00437351 /* AuthModule */ = {
			isa = PBXGroup;
			children = (
				01F38CE52CFF60B700E47788 /* Provider */,
				01BF65402CFDBB4E00437351 /* UI */,
				01BF65432CFDDFE300437351 /* ViewModel */,
			);
			path = AuthModule;
			sourceTree = "<group>";
		};
		01BF65402CFDBB4E00437351 /* UI */ = {
			isa = PBXGroup;
			children = (
				01BF65612CFDEEFF00437351 /* Controller */,
				01BF65622CFDEF0B00437351 /* View */,
			);
			path = UI;
			sourceTree = "<group>";
		};
		01BF65432CFDDFE300437351 /* ViewModel */ = {
			isa = PBXGroup;
			children = (
				01BF65462CFDDFF800437351 /* AuthViewModel.swift */,
			);
			path = ViewModel;
			sourceTree = "<group>";
		};
		01BF654A2CFDE02E00437351 /* Protocol */ = {
			isa = PBXGroup;
			children = (
				01BF654B2CFDE04900437351 /* AppCoordinatorProtocol.swift */,
				01BF65542CFDE1CA00437351 /* CoordinatorProtocol.swift */,
			);
			path = Protocol;
			sourceTree = "<group>";
		};
		01BF654F2CFDE0A800437351 /* Factory */ = {
			isa = PBXGroup;
			children = (
				01BF65512CFDE0DB00437351 /* Coordinator */,
				01BF65502CFDE0C800437351 /* Module */,
			);
			path = Factory;
			sourceTree = "<group>";
		};
		01BF65502CFDE0C800437351 /* Module */ = {
			isa = PBXGroup;
			children = (
				01BF65582CFDE3A500437351 /* ModuleFactory.swift */,
			);
			path = Module;
			sourceTree = "<group>";
		};
		01BF65512CFDE0DB00437351 /* Coordinator */ = {
			isa = PBXGroup;
			children = (
				01BF65522CFDE0EB00437351 /* CoordinatorFactory.swift */,
			);
			path = Coordinator;
			sourceTree = "<group>";
		};
		01BF655A2CFDE68A00437351 /* Extensions */ = {
			isa = PBXGroup;
			children = (
				01BF655B2CFDE6AD00437351 /* UIColor+Extension.swift */,
				01F38CA82CFF112700E47788 /* Date+Extension.swift */,
				016D7B7F2D008D5800923EF8 /* UIViewController+Extension.swift */,
				01BDC89F2D0453E400B82385 /* URL+Extension.swift */,
			);
			path = Extensions;
			sourceTree = "<group>";
		};
		01BF655D2CFDE90400437351 /* Helpers */ = {
			isa = PBXGroup;
			children = (
				01BF655E2CFDE92000437351 /* Constants */,
				01BF655A2CFDE68A00437351 /* Extensions */,
			);
			path = Helpers;
			sourceTree = "<group>";
		};
		01BF655E2CFDE92000437351 /* Constants */ = {
			isa = PBXGroup;
			children = (
				01BF655F2CFDE93A00437351 /* AppColors.swift */,
				01BF65652CFDF33900437351 /* Titles.swift */,
				016D7B762D00709400923EF8 /* OAuthParameter.swift */,
				016D7B782D00754300923EF8 /* CustomError.swift */,
				016D7B7A2D0076FC00923EF8 /* HTTPMethod.swift */,
			);
			path = Constants;
			sourceTree = "<group>";
		};
		01BF65612CFDEEFF00437351 /* Controller */ = {
			isa = PBXGroup;
			children = (
				01BF65452CFDDFF800437351 /* AuthViewController.swift */,
			);
			path = Controller;
			sourceTree = "<group>";
		};
		01BF65622CFDEF0B00437351 /* View */ = {
			isa = PBXGroup;
			children = (
				01BF65442CFDDFF800437351 /* AuthView.swift */,
				01BF65632CFDEF5C00437351 /* VKAuthButton.swift */,
			);
			path = View;
			sourceTree = "<group>";
		};
		01BF656B2CFE024500437351 /* NewsFeedModule */ = {
			isa = PBXGroup;
			children = (
				017132492D031E8B00F678DE /* Provider */,
				01BF656D2CFE026500437351 /* UI */,
				01BF656C2CFE026100437351 /* ViewModel */,
			);
			path = NewsFeedModule;
			sourceTree = "<group>";
		};
		01BF656C2CFE026100437351 /* ViewModel */ = {
			isa = PBXGroup;
			children = (
				01BF65722CFE028100437351 /* NewsFeedViewModel.swift */,
			);
			path = ViewModel;
			sourceTree = "<group>";
		};
		01BF656D2CFE026500437351 /* UI */ = {
			isa = PBXGroup;
			children = (
				01BF656F2CFE026C00437351 /* Controller */,
				01BF656E2CFE026900437351 /* View */,
			);
			path = UI;
			sourceTree = "<group>";
		};
		01BF656E2CFE026900437351 /* View */ = {
			isa = PBXGroup;
			children = (
				01BF65702CFE028100437351 /* NewsFeedView.swift */,
				01F38CA62CFEFCC200E47788 /* PostCell.swift */,
			);
			path = View;
			sourceTree = "<group>";
		};
		01BF656F2CFE026C00437351 /* Controller */ = {
			isa = PBXGroup;
			children = (
				01BF65712CFE028100437351 /* NewsFeedViewController.swift */,
			);
			path = Controller;
			sourceTree = "<group>";
		};
		01F38CE02CFF570500E47788 /* Manager */ = {
			isa = PBXGroup;
			children = (
				01BDC8AB2D04622F00B82385 /* AuthorizationClient */,
				01BDC8982D04503600B82385 /* Network */,
				01BDC8912D0448E900B82385 /* VKAuthorizationClient */,
				01AE2C492D00968300E13204 /* Protocol */,
				01AE2C4C2D00A52400E13204 /* KeyChainManager.swift */,
				0171322F2D02F99700F678DE /* UserDefaultsManager.swift */,
			);
			path = Manager;
			sourceTree = "<group>";
		};
		01F38CE52CFF60B700E47788 /* Provider */ = {
			isa = PBXGroup;
			children = (
				01F38CE32CFF607800E47788 /* AuthProvider.swift */,
			);
			path = Provider;
			sourceTree = "<group>";
		};
/* End PBXGroup section */

/* Begin PBXNativeTarget section */
		01BF65002CFDB62600437351 /* ClientVK */ = {
			isa = PBXNativeTarget;
			buildConfigurationList = 01BF65142CFDB62700437351 /* Build configuration list for PBXNativeTarget "ClientVK" */;
			buildPhases = (
				01BF64FD2CFDB62600437351 /* Sources */,
				01BF64FE2CFDB62600437351 /* Frameworks */,
				01BF64FF2CFDB62600437351 /* Resources */,
			);
			buildRules = (
			);
			dependencies = (
			);
			name = ClientVK;
			packageProductDependencies = (
			);
			productName = ClientVK;
			productReference = 01BF65012CFDB62600437351 /* ClientVK.app */;
			productType = "com.apple.product-type.application";
		};
/* End PBXNativeTarget section */

/* Begin PBXProject section */
		01BF64F92CFDB62600437351 /* Project object */ = {
			isa = PBXProject;
			attributes = {
				BuildIndependentTargetsInParallel = 1;
				LastSwiftUpdateCheck = 1610;
				LastUpgradeCheck = 1610;
				TargetAttributes = {
					01BF65002CFDB62600437351 = {
						CreatedOnToolsVersion = 16.1;
					};
				};
			};
			buildConfigurationList = 01BF64FC2CFDB62600437351 /* Build configuration list for PBXProject "ClientVK" */;
			developmentRegion = en;
			hasScannedForEncodings = 0;
			knownRegions = (
				en,
				Base,
			);
			mainGroup = 01BF64F82CFDB62600437351;
			minimizedProjectReferenceProxies = 1;
			preferredProjectObjectVersion = 77;
			productRefGroup = 01BF65022CFDB62600437351 /* Products */;
			projectDirPath = "";
			projectRoot = "";
			targets = (
				01BF65002CFDB62600437351 /* ClientVK */,
			);
		};
/* End PBXProject section */

/* Begin PBXResourcesBuildPhase section */
		01BF64FF2CFDB62600437351 /* Resources */ = {
			isa = PBXResourcesBuildPhase;
			buildActionMask = 2147483647;
			files = (
				01BF65682CFDFF3800437351 /* Assets.xcassets in Resources */,
				01BF65352CFDB68500437351 /* LaunchScreen.storyboard in Resources */,
			);
			runOnlyForDeploymentPostprocessing = 0;
		};
/* End PBXResourcesBuildPhase section */

/* Begin PBXSourcesBuildPhase section */
		01BF64FD2CFDB62600437351 /* Sources */ = {
			isa = PBXSourcesBuildPhase;
			buildActionMask = 2147483647;
			files = (
				01BF65572CFDE28800437351 /* AuthCoordinator.swift in Sources */,
				01BDC8972D0449BA00B82385 /* VKAuthorizationClient.swift in Sources */,
				016D7B742CFF80F600923EF8 /* BaseView.swift in Sources */,
				01BDC8B62D04638500B82385 /* AuthorizationClient.swift in Sources */,
				017132302D02F99700F678DE /* UserDefaultsManager.swift in Sources */,
				01AE2C4B2D00A38200E13204 /* TokenStorage.swift in Sources */,
				01AE2C4D2D00A52400E13204 /* KeyChainManager.swift in Sources */,
				01BF65642CFDEF5C00437351 /* VKAuthButton.swift in Sources */,
				01BF65372CFDB68500437351 /* AppDelegate.swift in Sources */,
				01BF65732CFE028100437351 /* NewsFeedViewModel.swift in Sources */,
				01BF65742CFE028100437351 /* NewsFeedView.swift in Sources */,
				01BDC8B42D04631100B82385 /* Token.swift in Sources */,
				01BDC8AF2D04625E00B82385 /* AppAuthorization.swift in Sources */,
				01BF65752CFE028100437351 /* NewsFeedViewController.swift in Sources */,
				01BDC8B22D0462B800B82385 /* AuthorizationType.swift in Sources */,
				01BDC8A52D0454F700B82385 /* URLSessionHTTPClient.swift in Sources */,
				01BF65472CFDDFF800437351 /* AuthView.swift in Sources */,
				01BDC89E2D0452B000B82385 /* NetworkingPostRequest.swift in Sources */,
				01BDC8AA2D045F1F00B82385 /* ResponseErrorDecoder.swift in Sources */,
				01BF65602CFDE93A00437351 /* AppColors.swift in Sources */,
				01BF655C2CFDE6AD00437351 /* UIColor+Extension.swift in Sources */,
				016D7B802D008D5800923EF8 /* UIViewController+Extension.swift in Sources */,
				01BF654C2CFDE04900437351 /* AppCoordinatorProtocol.swift in Sources */,
				017132322D02F9EE00F678DE /* UserAuthorization.swift in Sources */,
				017132462D031B0500F678DE /* PostDetailsViewModel.swift in Sources */,
				017132472D031B0500F678DE /* PostDetailsViewController.swift in Sources */,
				01BDC89B2D04506B00B82385 /* NetworkingRequest.swift in Sources */,
				017132482D031B0500F678DE /* PostDetailsView.swift in Sources */,
				01BDC8A02D0453E400B82385 /* URL+Extension.swift in Sources */,
				0171324B2D031EA100F678DE /* NewsFeedNavigation.swift in Sources */,
				01BF65482CFDDFF800437351 /* AuthViewController.swift in Sources */,
				01F38CA92CFF112700E47788 /* Date+Extension.swift in Sources */,
				01BF65592CFDE3A500437351 /* ModuleFactory.swift in Sources */,
				016D7B7E2D00795700923EF8 /* VKToken.swift in Sources */,
				0171324E2D03461D00F678DE /* HeaderPostView.swift in Sources */,
				01BF656A2CFE014F00437351 /* NewsFeedCoordinator.swift in Sources */,
				01F38CE42CFF607800E47788 /* AuthProvider.swift in Sources */,
				016D7B7B2D0076FC00923EF8 /* HTTPMethod.swift in Sources */,
				01BF65662CFDF33900437351 /* Titles.swift in Sources */,
				01BDC8A32D04545700B82385 /* NetworkingHTTPClient.swift in Sources */,
				01BDC8B82D04737C00B82385 /* AuthorizedHTTPClient.swift in Sources */,
				016D7B772D00709400923EF8 /* OAuthParameter.swift in Sources */,
				01BDC8942D04494D00B82385 /* VKAuthorization.swift in Sources */,
				01BF65492CFDDFF800437351 /* AuthViewModel.swift in Sources */,
				01BDC8A82D045E8500B82385 /* ResponseError.swift in Sources */,
				01BF65552CFDE1CA00437351 /* CoordinatorProtocol.swift in Sources */,
				016D7B792D00754300923EF8 /* CustomError.swift in Sources */,
				01BF65382CFDB68500437351 /* SceneDelegate.swift in Sources */,
				016D7B722CFF7BC900923EF8 /* BaseViewController.swift in Sources */,
				01BF654E2CFDE07A00437351 /* AppCoordinator.swift in Sources */,
				01BF65532CFDE0EB00437351 /* CoordinatorFactory.swift in Sources */,
				01F38CA72CFEFCC200E47788 /* PostCell.swift in Sources */,
			);
			runOnlyForDeploymentPostprocessing = 0;
		};
/* End PBXSourcesBuildPhase section */

/* Begin PBXVariantGroup section */
		01BF652D2CFDB68500437351 /* LaunchScreen.storyboard */ = {
			isa = PBXVariantGroup;
			children = (
				01BF652C2CFDB68500437351 /* Base */,
			);
			name = LaunchScreen.storyboard;
			sourceTree = "<group>";
		};
/* End PBXVariantGroup section */

/* Begin XCBuildConfiguration section */
		01BF65152CFDB62700437351 /* Debug */ = {
			isa = XCBuildConfiguration;
			buildSettings = {
				ASSETCATALOG_COMPILER_APPICON_NAME = AppIcon;
				ASSETCATALOG_COMPILER_GLOBAL_ACCENT_COLOR_NAME = AccentColor;
				CODE_SIGN_STYLE = Automatic;
				CURRENT_PROJECT_VERSION = 1;
				DEVELOPMENT_TEAM = 57V9Y33D2J;
				GENERATE_INFOPLIST_FILE = YES;
				INFOPLIST_FILE = ClientVK/Resources/Info.plist;
				INFOPLIST_KEY_UIApplicationSupportsIndirectInputEvents = YES;
				INFOPLIST_KEY_UILaunchStoryboardName = LaunchScreen;
				INFOPLIST_KEY_UISupportedInterfaceOrientations_iPad = "UIInterfaceOrientationPortrait UIInterfaceOrientationPortraitUpsideDown UIInterfaceOrientationLandscapeLeft UIInterfaceOrientationLandscapeRight";
				INFOPLIST_KEY_UISupportedInterfaceOrientations_iPhone = "UIInterfaceOrientationPortrait UIInterfaceOrientationLandscapeLeft UIInterfaceOrientationLandscapeRight";
				LD_RUNPATH_SEARCH_PATHS = (
					"$(inherited)",
					"@executable_path/Frameworks",
				);
				MARKETING_VERSION = 1.0;
				PRODUCT_BUNDLE_IDENTIFIER = tms.by.ToDo;
				PRODUCT_NAME = "$(TARGET_NAME)";
				SWIFT_EMIT_LOC_STRINGS = YES;
				SWIFT_VERSION = 5.0;
				TARGETED_DEVICE_FAMILY = "1,2";
			};
			name = Debug;
		};
		01BF65162CFDB62700437351 /* Release */ = {
			isa = XCBuildConfiguration;
			buildSettings = {
				ASSETCATALOG_COMPILER_APPICON_NAME = AppIcon;
				ASSETCATALOG_COMPILER_GLOBAL_ACCENT_COLOR_NAME = AccentColor;
				CODE_SIGN_STYLE = Automatic;
				CURRENT_PROJECT_VERSION = 1;
				DEVELOPMENT_TEAM = 57V9Y33D2J;
				GENERATE_INFOPLIST_FILE = YES;
				INFOPLIST_FILE = ClientVK/Resources/Info.plist;
				INFOPLIST_KEY_UIApplicationSupportsIndirectInputEvents = YES;
				INFOPLIST_KEY_UILaunchStoryboardName = LaunchScreen;
				INFOPLIST_KEY_UISupportedInterfaceOrientations_iPad = "UIInterfaceOrientationPortrait UIInterfaceOrientationPortraitUpsideDown UIInterfaceOrientationLandscapeLeft UIInterfaceOrientationLandscapeRight";
				INFOPLIST_KEY_UISupportedInterfaceOrientations_iPhone = "UIInterfaceOrientationPortrait UIInterfaceOrientationLandscapeLeft UIInterfaceOrientationLandscapeRight";
				LD_RUNPATH_SEARCH_PATHS = (
					"$(inherited)",
					"@executable_path/Frameworks",
				);
				MARKETING_VERSION = 1.0;
				PRODUCT_BUNDLE_IDENTIFIER = tms.by.ToDo;
				PRODUCT_NAME = "$(TARGET_NAME)";
				SWIFT_EMIT_LOC_STRINGS = YES;
				SWIFT_VERSION = 5.0;
				TARGETED_DEVICE_FAMILY = "1,2";
			};
			name = Release;
		};
		01BF65172CFDB62700437351 /* Debug */ = {
			isa = XCBuildConfiguration;
			buildSettings = {
				ALWAYS_SEARCH_USER_PATHS = NO;
				ASSETCATALOG_COMPILER_GENERATE_SWIFT_ASSET_SYMBOL_EXTENSIONS = YES;
				CLANG_ANALYZER_NONNULL = YES;
				CLANG_ANALYZER_NUMBER_OBJECT_CONVERSION = YES_AGGRESSIVE;
				CLANG_CXX_LANGUAGE_STANDARD = "gnu++20";
				CLANG_ENABLE_MODULES = YES;
				CLANG_ENABLE_OBJC_ARC = YES;
				CLANG_ENABLE_OBJC_WEAK = YES;
				CLANG_WARN_BLOCK_CAPTURE_AUTORELEASING = YES;
				CLANG_WARN_BOOL_CONVERSION = YES;
				CLANG_WARN_COMMA = YES;
				CLANG_WARN_CONSTANT_CONVERSION = YES;
				CLANG_WARN_DEPRECATED_OBJC_IMPLEMENTATIONS = YES;
				CLANG_WARN_DIRECT_OBJC_ISA_USAGE = YES_ERROR;
				CLANG_WARN_DOCUMENTATION_COMMENTS = YES;
				CLANG_WARN_EMPTY_BODY = YES;
				CLANG_WARN_ENUM_CONVERSION = YES;
				CLANG_WARN_INFINITE_RECURSION = YES;
				CLANG_WARN_INT_CONVERSION = YES;
				CLANG_WARN_NON_LITERAL_NULL_CONVERSION = YES;
				CLANG_WARN_OBJC_IMPLICIT_RETAIN_SELF = YES;
				CLANG_WARN_OBJC_LITERAL_CONVERSION = YES;
				CLANG_WARN_OBJC_ROOT_CLASS = YES_ERROR;
				CLANG_WARN_QUOTED_INCLUDE_IN_FRAMEWORK_HEADER = YES;
				CLANG_WARN_RANGE_LOOP_ANALYSIS = YES;
				CLANG_WARN_STRICT_PROTOTYPES = YES;
				CLANG_WARN_SUSPICIOUS_MOVE = YES;
				CLANG_WARN_UNGUARDED_AVAILABILITY = YES_AGGRESSIVE;
				CLANG_WARN_UNREACHABLE_CODE = YES;
				CLANG_WARN__DUPLICATE_METHOD_MATCH = YES;
				COPY_PHASE_STRIP = NO;
				DEBUG_INFORMATION_FORMAT = dwarf;
				ENABLE_STRICT_OBJC_MSGSEND = YES;
				ENABLE_TESTABILITY = YES;
				ENABLE_USER_SCRIPT_SANDBOXING = YES;
				GCC_C_LANGUAGE_STANDARD = gnu17;
				GCC_DYNAMIC_NO_PIC = NO;
				GCC_NO_COMMON_BLOCKS = YES;
				GCC_OPTIMIZATION_LEVEL = 0;
				GCC_PREPROCESSOR_DEFINITIONS = (
					"DEBUG=1",
					"$(inherited)",
				);
				GCC_WARN_64_TO_32_BIT_CONVERSION = YES;
				GCC_WARN_ABOUT_RETURN_TYPE = YES_ERROR;
				GCC_WARN_UNDECLARED_SELECTOR = YES;
				GCC_WARN_UNINITIALIZED_AUTOS = YES_AGGRESSIVE;
				GCC_WARN_UNUSED_FUNCTION = YES;
				GCC_WARN_UNUSED_VARIABLE = YES;
				IPHONEOS_DEPLOYMENT_TARGET = 18.1;
				LOCALIZATION_PREFERS_STRING_CATALOGS = YES;
				MTL_ENABLE_DEBUG_INFO = INCLUDE_SOURCE;
				MTL_FAST_MATH = YES;
				ONLY_ACTIVE_ARCH = YES;
				SDKROOT = iphoneos;
				SWIFT_ACTIVE_COMPILATION_CONDITIONS = "DEBUG $(inherited)";
				SWIFT_OPTIMIZATION_LEVEL = "-Onone";
			};
			name = Debug;
		};
		01BF65182CFDB62700437351 /* Release */ = {
			isa = XCBuildConfiguration;
			buildSettings = {
				ALWAYS_SEARCH_USER_PATHS = NO;
				ASSETCATALOG_COMPILER_GENERATE_SWIFT_ASSET_SYMBOL_EXTENSIONS = YES;
				CLANG_ANALYZER_NONNULL = YES;
				CLANG_ANALYZER_NUMBER_OBJECT_CONVERSION = YES_AGGRESSIVE;
				CLANG_CXX_LANGUAGE_STANDARD = "gnu++20";
				CLANG_ENABLE_MODULES = YES;
				CLANG_ENABLE_OBJC_ARC = YES;
				CLANG_ENABLE_OBJC_WEAK = YES;
				CLANG_WARN_BLOCK_CAPTURE_AUTORELEASING = YES;
				CLANG_WARN_BOOL_CONVERSION = YES;
				CLANG_WARN_COMMA = YES;
				CLANG_WARN_CONSTANT_CONVERSION = YES;
				CLANG_WARN_DEPRECATED_OBJC_IMPLEMENTATIONS = YES;
				CLANG_WARN_DIRECT_OBJC_ISA_USAGE = YES_ERROR;
				CLANG_WARN_DOCUMENTATION_COMMENTS = YES;
				CLANG_WARN_EMPTY_BODY = YES;
				CLANG_WARN_ENUM_CONVERSION = YES;
				CLANG_WARN_INFINITE_RECURSION = YES;
				CLANG_WARN_INT_CONVERSION = YES;
				CLANG_WARN_NON_LITERAL_NULL_CONVERSION = YES;
				CLANG_WARN_OBJC_IMPLICIT_RETAIN_SELF = YES;
				CLANG_WARN_OBJC_LITERAL_CONVERSION = YES;
				CLANG_WARN_OBJC_ROOT_CLASS = YES_ERROR;
				CLANG_WARN_QUOTED_INCLUDE_IN_FRAMEWORK_HEADER = YES;
				CLANG_WARN_RANGE_LOOP_ANALYSIS = YES;
				CLANG_WARN_STRICT_PROTOTYPES = YES;
				CLANG_WARN_SUSPICIOUS_MOVE = YES;
				CLANG_WARN_UNGUARDED_AVAILABILITY = YES_AGGRESSIVE;
				CLANG_WARN_UNREACHABLE_CODE = YES;
				CLANG_WARN__DUPLICATE_METHOD_MATCH = YES;
				COPY_PHASE_STRIP = NO;
				DEBUG_INFORMATION_FORMAT = "dwarf-with-dsym";
				ENABLE_NS_ASSERTIONS = NO;
				ENABLE_STRICT_OBJC_MSGSEND = YES;
				ENABLE_USER_SCRIPT_SANDBOXING = YES;
				GCC_C_LANGUAGE_STANDARD = gnu17;
				GCC_NO_COMMON_BLOCKS = YES;
				GCC_WARN_64_TO_32_BIT_CONVERSION = YES;
				GCC_WARN_ABOUT_RETURN_TYPE = YES_ERROR;
				GCC_WARN_UNDECLARED_SELECTOR = YES;
				GCC_WARN_UNINITIALIZED_AUTOS = YES_AGGRESSIVE;
				GCC_WARN_UNUSED_FUNCTION = YES;
				GCC_WARN_UNUSED_VARIABLE = YES;
				IPHONEOS_DEPLOYMENT_TARGET = 18.1;
				LOCALIZATION_PREFERS_STRING_CATALOGS = YES;
				MTL_ENABLE_DEBUG_INFO = NO;
				MTL_FAST_MATH = YES;
				SDKROOT = iphoneos;
				SWIFT_COMPILATION_MODE = wholemodule;
				VALIDATE_PRODUCT = YES;
			};
			name = Release;
		};
/* End XCBuildConfiguration section */

/* Begin XCConfigurationList section */
		01BF64FC2CFDB62600437351 /* Build configuration list for PBXProject "ClientVK" */ = {
			isa = XCConfigurationList;
			buildConfigurations = (
				01BF65172CFDB62700437351 /* Debug */,
				01BF65182CFDB62700437351 /* Release */,
			);
			defaultConfigurationIsVisible = 0;
			defaultConfigurationName = Release;
		};
		01BF65142CFDB62700437351 /* Build configuration list for PBXNativeTarget "ClientVK" */ = {
			isa = XCConfigurationList;
			buildConfigurations = (
				01BF65152CFDB62700437351 /* Debug */,
				01BF65162CFDB62700437351 /* Release */,
			);
			defaultConfigurationIsVisible = 0;
			defaultConfigurationName = Release;
		};
/* End XCConfigurationList section */
	};
	rootObject = 01BF64F92CFDB62600437351 /* Project object */;
}
